# @generated - this file is auto-generated by `mise lock` https://mise.jdx.dev/dev-tools/mise-lock.html

[[tools.actionlint]]
version = "1.7.12"
backend = "aqua:rhysd/actionlint"

[tools.actionlint."platforms.linux-arm64"]
checksum = "sha256:325e971b6ba9bfa504672e29be93c24981eeb1c07576d730e9f7c8805afff0c6"
url = "https://github.com/rhysd/actionlint/releases/download/v1.7.12/actionlint_1.7.12_linux_arm64.tar.gz"
url_api = "https://api.github.com/repos/rhysd/actionlint/releases/assets/384924897"
provenance = "github-attestations"

[tools.actionlint."platforms.linux-x64"]
checksum = "sha256:8aca8db96f1b94770f1b0d72b6dddcb1ebb8123cb3712530b08cc387b349a3d8"
url = "https://github.com/rhysd/actionlint/releases/download/v1.7.12/actionlint_1.7.12_linux_amd64.tar.gz"
url_api = "https://api.github.com/repos/rhysd/actionlint/releases/assets/384924896"
provenance = "github-attestations"

[tools.actionlint."platforms.macos-arm64"]
checksum = "sha256:aba9ced2dee8d27fecca3dc7feb1a7f9a52caefa1eb46f3271ea66b6e0e6953f"
url = "https://github.com/rhysd/actionlint/releases/download/v1.7.12/actionlint_1.7.12_darwin_arm64.tar.gz"
url_api = "https://api.github.com/repos/rhysd/actionlint/releases/assets/384924893"
provenance = "github-attestations"

[tools.actionlint."platforms.macos-x64"]
checksum = "sha256:5b44c3bc2255115c9b69e30efc0fecdf498fdb63c5d58e17084fd5f16324c644"
url = "https://github.com/rhysd/actionlint/releases/download/v1.7.12/actionlint_1.7.12_darwin_amd64.tar.gz"
url_api = "https://api.github.com/repos/rhysd/actionlint/releases/assets/384924880"
provenance = "github-attestations"

[[tools.checkov]]
version = "3.3.9"
backend = "aqua:bridgecrewio/checkov"

[tools.checkov."platforms.linux-arm64"]
checksum = "sha256:d8a0d4877b2e7a31f2eff6c9d03990e1de84210673d14bc61058623b433473c7"
url = "https://github.com/bridgecrewio/checkov/releases/download/3.3.9/checkov_linux_arm64.zip"
url_api = "https://api.github.com/repos/bridgecrewio/checkov/releases/assets/499362699"

[tools.checkov."platforms.linux-x64"]
checksum = "sha256:af7ccf93184fa09b5633dfd68fba78058717e6f80b31a44a3f2ef2eebd716f34"
url = "https://github.com/bridgecrewio/checkov/releases/download/3.3.9/checkov_linux_X86_64.zip"
url_api = "https://api.github.com/repos/bridgecrewio/checkov/releases/assets/499361806"

[tools.checkov."platforms.macos-arm64"]
checksum = "sha256:1f6b220faa53dd3f8bd739d77c8d62f7f84555ef3bdd4b2867315a56752ddd85"
url = "https://github.com/bridgecrewio/checkov/releases/download/3.3.9/checkov_darwin_X86_64.zip"
url_api = "https://api.github.com/repos/bridgecrewio/checkov/releases/assets/499361781"

[tools.checkov."platforms.macos-x64"]
checksum = "sha256:1f6b220faa53dd3f8bd739d77c8d62f7f84555ef3bdd4b2867315a56752ddd85"
url = "https://github.com/bridgecrewio/checkov/releases/download/3.3.9/checkov_darwin_X86_64.zip"
url_api = "https://api.github.com/repos/bridgecrewio/checkov/releases/assets/499361781"

[[tools.hcl2json]]
version = "0.6.9"
backend = "aqua:tmccombs/hcl2json"

[tools.hcl2json."platforms.linux-arm64"]
checksum = "sha256:8632b8545c513238a1cfa637fa9deb8a664540d8b302115e6fdd2ec47f5fff51"
url = "https://github.com/tmccombs/hcl2json/releases/download/v0.6.9/hcl2json_linux_arm64.tar.gz"
url_api = "https://api.github.com/repos/tmccombs/hcl2json/releases/assets/388553492"

[tools.hcl2json."platforms.linux-x64"]
checksum = "sha256:1e64a66c4e193502f9008a6e40abcff3f56a68d45df19490beb1d23a67455aa5"
url = "https://github.com/tmccombs/hcl2json/releases/download/v0.6.9/hcl2json_linux_amd64.tar.gz"
url_api = "https://api.github.com/repos/tmccombs/hcl2json/releases/assets/388553514"

[tools.hcl2json."platforms.macos-arm64"]
checksum = "sha256:8eca36024cdcb7e7483fd2a02648f065ac20e461b9b1eec39105db3e69d688ff"
url = "https://github.com/tmccombs/hcl2json/releases/download/v0.6.9/hcl2json_darwin_arm64.tar.gz"
url_api = "https://api.github.com/repos/tmccombs/hcl2json/releases/assets/388553515"

[tools.hcl2json."platforms.macos-x64"]
checksum = "sha256:28327ea2371630b33ab050684f62fb0c4ae08bd5f041ff7d87f8bd81d5188819"
url = "https://github.com/tmccombs/hcl2json/releases/download/v0.6.9/hcl2json_darwin_amd64.tar.gz"
url_api = "https://api.github.com/repos/tmccombs/hcl2json/releases/assets/388553517"

[[tools.helm]]
version = "4.2.3"
backend = "aqua:helm/helm"

[tools.helm."platforms.linux-arm64"]
checksum = "sha256:21abd9354d39b2cd79a8d76be6912cd137a983cbf997193503fb8a6a6e2f2785"
url = "https://get.helm.sh/helm-v4.2.3-linux-arm64.tar.gz"

[tools.helm."platforms.linux-x64"]
checksum = "sha256:e9b88b4ee95b18c706839c28d3a0220e5bc470e9cd9262410c90793c45ff8b7c"
url = "https://get.helm.sh/helm-v4.2.3-linux-amd64.tar.gz"

[tools.helm."platforms.macos-arm64"]
checksum = "sha256:048ecf5ad3160f83d918f9fe945238d2132b079640f7b106175331c25f242c64"
url = "https://get.helm.sh/helm-v4.2.3-darwin-arm64.tar.gz"

[tools.helm."platforms.macos-x64"]
checksum = "sha256:ff3ac86755a45f3422473bc1200776aac0fe04c5766abe6ca66699f7b564b23b"
url = "https://get.helm.sh/helm-v4.2.3-darwin-amd64.tar.gz"

[[tools.kubectl]]
version = "1.36.3"
backend = "aqua:kubernetes/kubernetes/kubectl"

[tools.kubectl."platforms.linux-arm64"]
checksum = "sha256:3d86f24401c41ae5a46ac50eef8865fe891d3647d324a0836f6c63757a126e62"
url = "https://dl.k8s.io/v1.36.3/bin/linux/arm64/kubectl"

[tools.kubectl."platforms.linux-x64"]
checksum = "sha256:ebbd080e7c2e275093b55915722043257eb24004363e20acb3c4d71919f88336"
url = "https://dl.k8s.io/v1.36.3/bin/linux/amd64/kubectl"

[tools.kubectl."platforms.macos-arm64"]
checksum = "sha256:fc8582acde13869a606730a79379d6515f30c68afcced0b5ac8789d5d002b7d6"
url = "https://dl.k8s.io/v1.36.3/bin/darwin/arm64/kubectl"

[tools.kubectl."platforms.macos-x64"]
checksum = "sha256:158b3b46cf74e8b6bd9b1d7cd30f665e3efb2bc1ec3c843ec925bcfdd2930de0"
url = "https://dl.k8s.io/v1.36.3/bin/darwin/amd64/kubectl"

[[tools.scorecard]]
version = "5.5.0"
backend = "aqua:ossf/scorecard"

[tools.scorecard."platforms.linux-arm64"]
checksum = "sha256:3ce59d20c1d53e540c4a14e0da1e0d96b3b294e8ddc96a3c5a7b8a637b32991e"
url = "https://github.com/ossf/scorecard/releases/download/v5.5.0/scorecard_5.5.0_linux_arm64.tar.gz"
url_api = "https://api.github.com/repos/ossf/scorecard/releases/assets/403812978"

[tools.scorecard."platforms.linux-arm64".provenance.slsa]
url = "https://github.com/ossf/scorecard/releases/download/v5.5.0/multiple.intoto.jsonl"

[tools.scorecard."platforms.linux-x64"]
checksum = "sha256:83b90a05c1540ef1390db1cd5711e5fd04be9c1d8537fb84d39d02092d6a8dff"
url = "https://github.com/ossf/scorecard/releases/download/v5.5.0/scorecard_5.5.0_linux_amd64.tar.gz"
url_api = "https://api.github.com/repos/ossf/scorecard/releases/assets/403812999"

[tools.scorecard."platforms.linux-x64".provenance.slsa]
url = "https://github.com/ossf/scorecard/releases/download/v5.5.0/multiple.intoto.jsonl"

[tools.scorecard."platforms.macos-arm64"]
checksum = "sha256:bac6371a4f810d6bdd0b65d63c3311906bdfe3ba0d76a5ea743ce24ced170fcf"
url = "https://github.com/ossf/scorecard/releases/download/v5.5.0/scorecard_5.5.0_darwin_arm64.tar.gz"
url_api = "https://api.github.com/repos/ossf/scorecard/releases/assets/403812997"

[tools.scorecard."platforms.macos-arm64".provenance.slsa]
url = "https://github.com/ossf/scorecard/releases/download/v5.5.0/multiple.intoto.jsonl"

[tools.scorecard."platforms.macos-x64"]
checksum = "sha256:979487ca20e726f6a4d2bd63a0a4c544184f589724b3d12d2ba8d0ea80889063"
url = "https://github.com/ossf/scorecard/releases/download/v5.5.0/scorecard_5.5.0_darwin_amd64.tar.gz"
url_api = "https://api.github.com/repos/ossf/scorecard/releases/assets/403812977"

[tools.scorecard."platforms.macos-x64".provenance.slsa]
url = "https://github.com/ossf/scorecard/releases/download/v5.5.0/multiple.intoto.jsonl"

[[tools.shellcheck]]
version = "0.11.0"
backend = "aqua:koalaman/shellcheck"

[tools.shellcheck."platforms.linux-arm64"]
checksum = "sha256:12b331c1d2db6b9eb13cfca64306b1b157a86eb69db83023e261eaa7e7c14588"
url = "https://github.com/koalaman/shellcheck/releases/download/v0.11.0/shellcheck-v0.11.0.linux.aarch64.tar.xz"
url_api = "https://api.github.com/repos/koalaman/shellcheck/releases/assets/279056934"

[tools.shellcheck."platforms.linux-x64"]
checksum = "sha256:8c3be12b05d5c177a04c29e3c78ce89ac86f1595681cab149b65b97c4e227198"
url = "https://github.com/koalaman/shellcheck/releases/download/v0.11.0/shellcheck-v0.11.0.linux.x86_64.tar.xz"
url_api = "https://api.github.com/repos/koalaman/shellcheck/releases/assets/279056942"

[tools.shellcheck."platforms.macos-arm64"]
checksum = "sha256:56affdd8de5527894dca6dc3d7e0a99a873b0f004d7aabc30ae407d3f48b0a79"
url = "https://github.com/koalaman/shellcheck/releases/download/v0.11.0/shellcheck-v0.11.0.darwin.aarch64.tar.xz"
url_api = "https://api.github.com/repos/koalaman/shellcheck/releases/assets/279056932"

[tools.shellcheck."platforms.macos-x64"]
checksum = "sha256:3c89db4edcab7cf1c27bff178882e0f6f27f7afdf54e859fa041fca10febe4c6"
url = "https://github.com/koalaman/shellcheck/releases/download/v0.11.0/shellcheck-v0.11.0.darwin.x86_64.tar.xz"
url_api = "https://api.github.com/repos/koalaman/shellcheck/releases/assets/279056930"

[[tools.trivy]]
version = "0.72.0"
backend = "aqua:aquasecurity/trivy"

[tools.trivy."platforms.linux-arm64"]
checksum = "sha256:2ca2c023109c2db6b2b77366b6717291452d4531167377d95c79547f0c8e3467"
url = "https://github.com/aquasecurity/trivy/releases/download/v0.72.0/trivy_0.72.0_Linux-ARM64.tar.gz"
url_api = "https://api.github.com/repos/aquasecurity/trivy/releases/assets/462015056"
provenance = "cosign"

[tools.trivy."platforms.linux-x64"]
checksum = "sha256:bbb64b9695866ce4a7a8f5c9592002c5961cab378577fa3f8a040df362b9b2ea"
url = "https://github.com/aquasecurity/trivy/releases/download/v0.72.0/trivy_0.72.0_Linux-64bit.tar.gz"
url_api = "https://api.github.com/repos/aquasecurity/trivy/releases/assets/462015055"
provenance = "cosign"

[tools.trivy."platforms.macos-arm64"]
checksum = "sha256:88f208680dc05da2b459e19b4f5aa2b4dc7c2117892ba4aab2ae63baba330016"
url = "https://github.com/aquasecurity/trivy/releases/download/v0.72.0/trivy_0.72.0_macOS-ARM64.tar.gz"
url_api = "https://api.github.com/repos/aquasecurity/trivy/releases/assets/462015117"
provenance = "cosign"

[tools.trivy."platforms.macos-x64"]
checksum = "sha256:ee5e60df8a98e5b89fd74a6d86f9e5c7e9a266a35002cb1e43291698b3bfee08"
url = "https://github.com/aquasecurity/trivy/releases/download/v0.72.0/trivy_0.72.0_macOS-64bit.tar.gz"
url_api = "https://api.github.com/repos/aquasecurity/trivy/releases/assets/462015094"
provenance = "cosign"

[[tools.yq]]
version = "4.53.3"
backend = "aqua:mikefarah/yq"

[tools.yq."platforms.linux-arm64"]
checksum = "sha256:578648e463a11c1b6db6010cbf41eafed6bee79466fcffa1bb446672cf7945ea"
url = "https://github.com/mikefarah/yq/releases/download/v4.53.3/yq_linux_arm64"
url_api = "https://api.github.com/repos/mikefarah/yq/releases/assets/440146727"
provenance = "cosign"

[tools.yq."platforms.linux-x64"]
checksum = "sha256:fa52a4e758c63d38299163fbdd1edfb4c4963247918bf9c1c5d31d84789eded4"
url = "https://github.com/mikefarah/yq/releases/download/v4.53.3/yq_linux_amd64"
url_api = "https://api.github.com/repos/mikefarah/yq/releases/assets/440146735"
provenance = "cosign"

[tools.yq."platforms.macos-arm64"]
checksum = "sha256:877de31753a4dd2401aa048937aa9a7fc4d5f6ce858cf31508c5802954297213"
url = "https://github.com/mikefarah/yq/releases/download/v4.53.3/yq_darwin_arm64"
url_api = "https://api.github.com/repos/mikefarah/yq/releases/assets/440146762"
provenance = "cosign"

[tools.yq."platforms.macos-x64"]
checksum = "sha256:b4ba1ecce3c47f00803f4f964de38394326c7a32eb6540616e04fb2935a0f08d"
url = "https://github.com/mikefarah/yq/releases/download/v4.53.3/yq_darwin_amd64"
url_api = "https://api.github.com/repos/mikefarah/yq/releases/assets/440146744"
provenance = "cosign"

[[tools.zizmor]]
version = "1.28.0"
backend = "aqua:zizmorcore/zizmor"

[tools.zizmor."platforms.linux-arm64"]
checksum = "sha256:324e43770cfacf4216f8aefb287263b5b5c733c85b03bf7583b5cc4a0460239e"
url = "https://github.com/zizmorcore/zizmor/releases/download/v1.28.0/zizmor-aarch64-unknown-linux-gnu.tar.gz"
url_api = "https://api.github.com/repos/zizmorcore/zizmor/releases/assets/485211654"
provenance = "github-attestations"

[tools.zizmor."platforms.linux-x64"]
checksum = "sha256:e87b67160194884e375a46a12c57ccc904f762b53845f254fab7f17d98809c09"
url = "https://github.com/zizmorcore/zizmor/releases/download/v1.28.0/zizmor-x86_64-unknown-linux-gnu.tar.gz"
url_api = "https://api.github.com/repos/zizmorcore/zizmor/releases/assets/485211657"
provenance = "github-attestations"

[tools.zizmor."platforms.macos-arm64"]
checksum = "sha256:54949bbd6b4c8527046bb8990bac9e0dab3eec787640f4e6199ae121dd1040be"
url = "https://github.com/zizmorcore/zizmor/releases/download/v1.28.0/zizmor-aarch64-apple-darwin.tar.gz"
url_api = "https://api.github.com/repos/zizmorcore/zizmor/releases/assets/485211655"
provenance = "github-attestations"

[tools.zizmor."platforms.macos-x64"]
checksum = "sha256:40a58d8560d65c71357b3977d0da425773bf8f10bf1ffd38099d963d3afdf3aa"
url = "https://github.com/zizmorcore/zizmor/releases/download/v1.28.0/zizmor-x86_64-apple-darwin.tar.gz"
url_api = "https://api.github.com/repos/zizmorcore/zizmor/releases/assets/485211652"
provenance = "github-attestations"
